
Microsoft Visual Studio Solution File, Format Version 12.00
# Visual Studio Version 16
VisualStudioVersion = 16.0.30406.217
MinimumVisualStudioVersion = 10.0.40219.1
Project("{FAE04EC0-301F-11D3-BF4B-00C04F79EFBC}") = "WebBPJ", "WebBPJ.csproj", "{2AA3DEA2-4BBC-4027-B927-9CF018A370FF}"
EndProject
Global
	GlobalSection(SolutionConfigurationPlatforms) = preSolution
		Debug|Any CPU = Debug|Any CPU
		Release|Any CPU = Release|Any CPU
	EndGlobalSection
	GlobalSection(ProjectConfigurationPlatforms) = postSolution
		{2AA3DEA2-4BBC-4027-B927-9CF018A370FF}.Debug|Any CPU.ActiveCfg = Debug|Any CPU
		{2AA3DEA2-4BBC-4027-B927-9CF018A370FF}.Debug|Any CPU.Build.0 = Debug|Any CPU
		{2AA3DEA2-4BBC-4027-B927-9CF018A370FF}.Release|Any CPU.ActiveCfg = Release|Any CPU
		{2AA3DEA2-4BBC-4027-B927-9CF018A370FF}.Release|Any CPU.Build.0 = Release|Any CPU
	EndGlobalSection
	GlobalSection(SolutionProperties) = preSolution
		HideSolutionNode = FALSE
	EndGlobalSection
	GlobalSection(ExtensibilityGlobals) = postSolution
		SolutionGuid = {6CC7DF2D-5876-47A4-A2D4-0812E69B2AC7}
	EndGlobalSection
EndGlobal
